# This file is automatically @generated by Cargo.
# It is not intended for manual editing.
version = 4

[[package]]
name = "sidereal-core"
version = "0.1.0"
dependencies = [
 "sidereal-plugin-abi",
]

[[package]]
name = "sidereal-pack-astro"
version = "0.1.0"
dependencies = [
 "sidereal-plugin-abi",
]

[[package]]
name = "sidereal-plugin-abi"
version = "0.1.0"

[[package]]
name = "sidereal-server"
version = "0.1.0"
dependencies = [
 "sidereal-core",
 "sidereal-pack-astro",
]
